
Microsoft Visual Studio Solution File, Format Version 11.00
# Visual Studio 2010
Project("{FAE04EC0-301F-11D3-BF4B-00C04F79EFBC}") = "JamsParser", "JamsParser.csproj", "{4DFB9342-B16A-4151-87E5-5134042FD81A}"
EndProject
Global
	GlobalSection(SolutionConfigurationPlatforms) = preSolution
		Debug|x86 = Debug|x86
		Release|x86 = Release|x86
	EndGlobalSection
	GlobalSection(ProjectConfigurationPlatforms) = postSolution
		{4DFB9342-B16A-4151-87E5-5134042FD81A}.Debug|x86.ActiveCfg = Debug|x86
		{4DFB9342-B16A-4151-87E5-5134042FD81A}.Debug|x86.Build.0 = Debug|x86
		{4DFB9342-B16A-4151-87E5-5134042FD81A}.Release|x86.ActiveCfg = Release|x86
		{4DFB9342-B16A-4151-87E5-5134042FD81A}.Release|x86.Build.0 = Release|x86
	EndGlobalSection
	GlobalSection(SolutionProperties) = preSolution
		HideSolutionNode = FALSE
	EndGlobalSection
EndGlobal
